
Microsoft Visual Studio Solution File, Format Version 12.00
# Visual Studio Version 17
VisualStudioVersion = 17.8.34511.84
MinimumVisualStudioVersion = 10.0.40219.1
Project("{FAE04EC0-301F-11D3-BF4B-00C04F79EFBC}") = "MediatorApp", "MediatorApp\MediatorApp.csproj", "{97048FFF-69AC-4CA8-AA84-FF7B92978294}"
EndProject
Global
	GlobalSection(SolutionConfigurationPlatforms) = preSolution
		Debug|Any CPU = Debug|Any CPU
		Release|Any CPU = Release|Any CPU
	EndGlobalSection
	GlobalSection(ProjectConfigurationPlatforms) = postSolution
		{97048FFF-69AC-4CA8-AA84-FF7B92978294}.Debug|Any CPU.ActiveCfg = Debug|Any CPU
		{97048FFF-69AC-4CA8-AA84-FF7B92978294}.Debug|Any CPU.Build.0 = Debug|Any CPU
		{97048FFF-69AC-4CA8-AA84-FF7B92978294}.Release|Any CPU.ActiveCfg = Release|Any CPU
		{97048FFF-69AC-4CA8-AA84-FF7B92978294}.Release|Any CPU.Build.0 = Release|Any CPU
	EndGlobalSection
	GlobalSection(SolutionProperties) = preSolution
		HideSolutionNode = FALSE
	EndGlobalSection
	GlobalSection(ExtensibilityGlobals) = postSolution
		SolutionGuid = {4A5FF93D-E1C3-473B-8B96-AF1683B72712}
	EndGlobalSection
EndGlobal
